[[package]]
name = "chuck_sys"
version = "0.1.0"
dependencies = [
 "libc 0.2.47 (registry+https://github.com/rust-lang/crates.io-index)",
 "uwl 0.2.4 (registry+https://github.com/rust-lang/crates.io-index)",
]

[[package]]
name = "libc"
version = "0.2.47"
source = "registry+https://github.com/rust-lang/crates.io-index"

[[package]]
name = "uwl"
version = "0.2.4"
source = "registry+https://github.com/rust-lang/crates.io-index"

[metadata]
"checksum libc 0.2.47 (registry+https://github.com/rust-lang/crates.io-index)" = "48450664a984b25d5b479554c29cc04e3150c97aa4c01da5604a2d4ed9151476"
"checksum uwl 0.2.4 (registry+https://github.com/rust-lang/crates.io-index)" = "f81d1eecfbf8bbbc8c1775a7292a62f7e024e0468e4d2a0e1854a352ae16ca83"
